
Microsoft Visual Studio Solution File, Format Version 12.00
# Visual Studio 15
VisualStudioVersion = 15.0.26124.0
MinimumVisualStudioVersion = 15.0.26124.0
Project("{FAE04EC0-301F-11D3-BF4B-00C04F79EFBC}") = "RestApi.Client", "RestApi.Client\RestApi.Client.csproj", "{6FDBAD87-D4AD-486E-A748-9A4FFA70E2C8}"
EndProject
Project("{FAE04EC0-301F-11D3-BF4B-00C04F79EFBC}") = "RestApi.Data", "RestApi.Data\RestApi.Data.csproj", "{F9073E30-5780-4DA3-874C-0BFE6738640E}"
EndProject
Project("{FAE04EC0-301F-11D3-BF4B-00C04F79EFBC}") = "RestApi.Test", "RestApi.Test\RestApi.Test.csproj", "{E25400AA-B155-47FD-A825-F808EEE885C5}"
EndProject
Global
	GlobalSection(SolutionConfigurationPlatforms) = preSolution
		Debug|Any CPU = Debug|Any CPU
		Debug|x64 = Debug|x64
		Debug|x86 = Debug|x86
		Release|Any CPU = Release|Any CPU
		Release|x64 = Release|x64
		Release|x86 = Release|x86
	EndGlobalSection
	GlobalSection(SolutionProperties) = preSolution
		HideSolutionNode = FALSE
	EndGlobalSection
	GlobalSection(ProjectConfigurationPlatforms) = postSolution
		{6FDBAD87-D4AD-486E-A748-9A4FFA70E2C8}.Debug|Any CPU.ActiveCfg = Debug|Any CPU
		{6FDBAD87-D4AD-486E-A748-9A4FFA70E2C8}.Debug|Any CPU.Build.0 = Debug|Any CPU
		{6FDBAD87-D4AD-486E-A748-9A4FFA70E2C8}.Debug|x64.ActiveCfg = Debug|Any CPU
		{6FDBAD87-D4AD-486E-A748-9A4FFA70E2C8}.Debug|x64.Build.0 = Debug|Any CPU
		{6FDBAD87-D4AD-486E-A748-9A4FFA70E2C8}.Debug|x86.ActiveCfg = Debug|Any CPU
		{6FDBAD87-D4AD-486E-A748-9A4FFA70E2C8}.Debug|x86.Build.0 = Debug|Any CPU
		{6FDBAD87-D4AD-486E-A748-9A4FFA70E2C8}.Release|Any CPU.ActiveCfg = Release|Any CPU
		{6FDBAD87-D4AD-486E-A748-9A4FFA70E2C8}.Release|Any CPU.Build.0 = Release|Any CPU
		{6FDBAD87-D4AD-486E-A748-9A4FFA70E2C8}.Release|x64.ActiveCfg = Release|Any CPU
		{6FDBAD87-D4AD-486E-A748-9A4FFA70E2C8}.Release|x64.Build.0 = Release|Any CPU
		{6FDBAD87-D4AD-486E-A748-9A4FFA70E2C8}.Release|x86.ActiveCfg = Release|Any CPU
		{6FDBAD87-D4AD-486E-A748-9A4FFA70E2C8}.Release|x86.Build.0 = Release|Any CPU
		{F9073E30-5780-4DA3-874C-0BFE6738640E}.Debug|Any CPU.ActiveCfg = Debug|Any CPU
		{F9073E30-5780-4DA3-874C-0BFE6738640E}.Debug|Any CPU.Build.0 = Debug|Any CPU
		{F9073E30-5780-4DA3-874C-0BFE6738640E}.Debug|x64.ActiveCfg = Debug|Any CPU
		{F9073E30-5780-4DA3-874C-0BFE6738640E}.Debug|x64.Build.0 = Debug|Any CPU
		{F9073E30-5780-4DA3-874C-0BFE6738640E}.Debug|x86.ActiveCfg = Debug|Any CPU
		{F9073E30-5780-4DA3-874C-0BFE6738640E}.Debug|x86.Build.0 = Debug|Any CPU
		{F9073E30-5780-4DA3-874C-0BFE6738640E}.Release|Any CPU.ActiveCfg = Release|Any CPU
		{F9073E30-5780-4DA3-874C-0BFE6738640E}.Release|Any CPU.Build.0 = Release|Any CPU
		{F9073E30-5780-4DA3-874C-0BFE6738640E}.Release|x64.ActiveCfg = Release|Any CPU
		{F9073E30-5780-4DA3-874C-0BFE6738640E}.Release|x64.Build.0 = Release|Any CPU
		{F9073E30-5780-4DA3-874C-0BFE6738640E}.Release|x86.ActiveCfg = Release|Any CPU
		{F9073E30-5780-4DA3-874C-0BFE6738640E}.Release|x86.Build.0 = Release|Any CPU
		{E25400AA-B155-47FD-A825-F808EEE885C5}.Debug|Any CPU.ActiveCfg = Debug|Any CPU
		{E25400AA-B155-47FD-A825-F808EEE885C5}.Debug|Any CPU.Build.0 = Debug|Any CPU
		{E25400AA-B155-47FD-A825-F808EEE885C5}.Debug|x64.ActiveCfg = Debug|Any CPU
		{E25400AA-B155-47FD-A825-F808EEE885C5}.Debug|x64.Build.0 = Debug|Any CPU
		{E25400AA-B155-47FD-A825-F808EEE885C5}.Debug|x86.ActiveCfg = Debug|Any CPU
		{E25400AA-B155-47FD-A825-F808EEE885C5}.Debug|x86.Build.0 = Debug|Any CPU
		{E25400AA-B155-47FD-A825-F808EEE885C5}.Release|Any CPU.ActiveCfg = Release|Any CPU
		{E25400AA-B155-47FD-A825-F808EEE885C5}.Release|Any CPU.Build.0 = Release|Any CPU
		{E25400AA-B155-47FD-A825-F808EEE885C5}.Release|x64.ActiveCfg = Release|Any CPU
		{E25400AA-B155-47FD-A825-F808EEE885C5}.Release|x64.Build.0 = Release|Any CPU
		{E25400AA-B155-47FD-A825-F808EEE885C5}.Release|x86.ActiveCfg = Release|Any CPU
		{E25400AA-B155-47FD-A825-F808EEE885C5}.Release|x86.Build.0 = Release|Any CPU
	EndGlobalSection
EndGlobal
