
Microsoft Visual Studio Solution File, Format Version 12.00
# Visual Studio 15
VisualStudioVersion = 15.0.26124.0
MinimumVisualStudioVersion = 15.0.26124.0
Project("{FAE04EC0-301F-11D3-BF4B-00C04F79EFBC}") = "Translate.Client", "Translate.Client\Translate.Client.csproj", "{D041BF18-D371-4F6F-8047-5A1133B945AE}"
EndProject
Project("{FAE04EC0-301F-11D3-BF4B-00C04F79EFBC}") = "TextToSpeech.Client", "TextToSpeech.Client\TextToSpeech.Client.csproj", "{9AD5EA8C-6A9E-493B-9485-AEC1B3A3EB48}"
EndProject
Project("{FAE04EC0-301F-11D3-BF4B-00C04F79EFBC}") = "SpeechToText.Client", "SpeechToText.Client\SpeechToText.Client.csproj", "{12CC3BB2-B20D-495E-A9FD-058F11137410}"
EndProject
Project("{FAE04EC0-301F-11D3-BF4B-00C04F79EFBC}") = "TranslateMvc.Client", "TranslateMvc.Client\TranslateMvc.Client.csproj", "{D1251750-C9A1-4245-A63E-E0972D506C6E}"
EndProject
Global
	GlobalSection(SolutionConfigurationPlatforms) = preSolution
		Debug|Any CPU = Debug|Any CPU
		Debug|x64 = Debug|x64
		Debug|x86 = Debug|x86
		Release|Any CPU = Release|Any CPU
		Release|x64 = Release|x64
		Release|x86 = Release|x86
	EndGlobalSection
	GlobalSection(SolutionProperties) = preSolution
		HideSolutionNode = FALSE
	EndGlobalSection
	GlobalSection(ProjectConfigurationPlatforms) = postSolution
		{D041BF18-D371-4F6F-8047-5A1133B945AE}.Debug|Any CPU.ActiveCfg = Debug|Any CPU
		{D041BF18-D371-4F6F-8047-5A1133B945AE}.Debug|Any CPU.Build.0 = Debug|Any CPU
		{D041BF18-D371-4F6F-8047-5A1133B945AE}.Debug|x64.ActiveCfg = Debug|Any CPU
		{D041BF18-D371-4F6F-8047-5A1133B945AE}.Debug|x64.Build.0 = Debug|Any CPU
		{D041BF18-D371-4F6F-8047-5A1133B945AE}.Debug|x86.ActiveCfg = Debug|Any CPU
		{D041BF18-D371-4F6F-8047-5A1133B945AE}.Debug|x86.Build.0 = Debug|Any CPU
		{D041BF18-D371-4F6F-8047-5A1133B945AE}.Release|Any CPU.ActiveCfg = Release|Any CPU
		{D041BF18-D371-4F6F-8047-5A1133B945AE}.Release|Any CPU.Build.0 = Release|Any CPU
		{D041BF18-D371-4F6F-8047-5A1133B945AE}.Release|x64.ActiveCfg = Release|Any CPU
		{D041BF18-D371-4F6F-8047-5A1133B945AE}.Release|x64.Build.0 = Release|Any CPU
		{D041BF18-D371-4F6F-8047-5A1133B945AE}.Release|x86.ActiveCfg = Release|Any CPU
		{D041BF18-D371-4F6F-8047-5A1133B945AE}.Release|x86.Build.0 = Release|Any CPU
		{9AD5EA8C-6A9E-493B-9485-AEC1B3A3EB48}.Debug|Any CPU.ActiveCfg = Debug|Any CPU
		{9AD5EA8C-6A9E-493B-9485-AEC1B3A3EB48}.Debug|Any CPU.Build.0 = Debug|Any CPU
		{9AD5EA8C-6A9E-493B-9485-AEC1B3A3EB48}.Debug|x64.ActiveCfg = Debug|Any CPU
		{9AD5EA8C-6A9E-493B-9485-AEC1B3A3EB48}.Debug|x64.Build.0 = Debug|Any CPU
		{9AD5EA8C-6A9E-493B-9485-AEC1B3A3EB48}.Debug|x86.ActiveCfg = Debug|Any CPU
		{9AD5EA8C-6A9E-493B-9485-AEC1B3A3EB48}.Debug|x86.Build.0 = Debug|Any CPU
		{9AD5EA8C-6A9E-493B-9485-AEC1B3A3EB48}.Release|Any CPU.ActiveCfg = Release|Any CPU
		{9AD5EA8C-6A9E-493B-9485-AEC1B3A3EB48}.Release|Any CPU.Build.0 = Release|Any CPU
		{9AD5EA8C-6A9E-493B-9485-AEC1B3A3EB48}.Release|x64.ActiveCfg = Release|Any CPU
		{9AD5EA8C-6A9E-493B-9485-AEC1B3A3EB48}.Release|x64.Build.0 = Release|Any CPU
		{9AD5EA8C-6A9E-493B-9485-AEC1B3A3EB48}.Release|x86.ActiveCfg = Release|Any CPU
		{9AD5EA8C-6A9E-493B-9485-AEC1B3A3EB48}.Release|x86.Build.0 = Release|Any CPU
		{12CC3BB2-B20D-495E-A9FD-058F11137410}.Debug|Any CPU.ActiveCfg = Debug|Any CPU
		{12CC3BB2-B20D-495E-A9FD-058F11137410}.Debug|Any CPU.Build.0 = Debug|Any CPU
		{12CC3BB2-B20D-495E-A9FD-058F11137410}.Debug|x64.ActiveCfg = Debug|Any CPU
		{12CC3BB2-B20D-495E-A9FD-058F11137410}.Debug|x64.Build.0 = Debug|Any CPU
		{12CC3BB2-B20D-495E-A9FD-058F11137410}.Debug|x86.ActiveCfg = Debug|Any CPU
		{12CC3BB2-B20D-495E-A9FD-058F11137410}.Debug|x86.Build.0 = Debug|Any CPU
		{12CC3BB2-B20D-495E-A9FD-058F11137410}.Release|Any CPU.ActiveCfg = Release|Any CPU
		{12CC3BB2-B20D-495E-A9FD-058F11137410}.Release|Any CPU.Build.0 = Release|Any CPU
		{12CC3BB2-B20D-495E-A9FD-058F11137410}.Release|x64.ActiveCfg = Release|Any CPU
		{12CC3BB2-B20D-495E-A9FD-058F11137410}.Release|x64.Build.0 = Release|Any CPU
		{12CC3BB2-B20D-495E-A9FD-058F11137410}.Release|x86.ActiveCfg = Release|Any CPU
		{12CC3BB2-B20D-495E-A9FD-058F11137410}.Release|x86.Build.0 = Release|Any CPU
		{D1251750-C9A1-4245-A63E-E0972D506C6E}.Debug|Any CPU.ActiveCfg = Debug|Any CPU
		{D1251750-C9A1-4245-A63E-E0972D506C6E}.Debug|Any CPU.Build.0 = Debug|Any CPU
		{D1251750-C9A1-4245-A63E-E0972D506C6E}.Debug|x64.ActiveCfg = Debug|Any CPU
		{D1251750-C9A1-4245-A63E-E0972D506C6E}.Debug|x64.Build.0 = Debug|Any CPU
		{D1251750-C9A1-4245-A63E-E0972D506C6E}.Debug|x86.ActiveCfg = Debug|Any CPU
		{D1251750-C9A1-4245-A63E-E0972D506C6E}.Debug|x86.Build.0 = Debug|Any CPU
		{D1251750-C9A1-4245-A63E-E0972D506C6E}.Release|Any CPU.ActiveCfg = Release|Any CPU
		{D1251750-C9A1-4245-A63E-E0972D506C6E}.Release|Any CPU.Build.0 = Release|Any CPU
		{D1251750-C9A1-4245-A63E-E0972D506C6E}.Release|x64.ActiveCfg = Release|Any CPU
		{D1251750-C9A1-4245-A63E-E0972D506C6E}.Release|x64.Build.0 = Release|Any CPU
		{D1251750-C9A1-4245-A63E-E0972D506C6E}.Release|x86.ActiveCfg = Release|Any CPU
		{D1251750-C9A1-4245-A63E-E0972D506C6E}.Release|x86.Build.0 = Release|Any CPU
	EndGlobalSection
EndGlobal
